<?xml version="1.0" encoding="utf-8"?>
<Project ToolsVersion="4.0" xmlns="http://schemas.microsoft.com/developer/msbuild/2003">
  <ItemGroup>
    <Filter Include="源文件">
      <UniqueIdentifier>{4FC737F1-C7A5-4376-A066-2A32D752A2FF}</UniqueIdentifier>
      <Extensions>cpp;c;cc;cxx;def;odl;idl;hpj;bat;asm;asmx</Extensions>
    </Filter>
    <Filter Include="头文件">
      <UniqueIdentifier>{93995380-89BD-4b04-88EB-625FBE52EBFB}</UniqueIdentifier>
      <Extensions>h;hh;hpp;hxx;hm;inl;inc;xsd</Extensions>
    </Filter>
    <Filter Include="资源文件">
      <UniqueIdentifier>{67DA6AB6-F800-4c08-8B7A-83BB121AAD01}</UniqueIdentifier>
      <Extensions>rc;ico;cur;bmp;dlg;rc2;rct;bin;rgs;gif;jpg;jpeg;jpe;resx;tiff;tif;png;wav;mfcribbon-ms</Extensions>
    </Filter>
    <Filter Include="Websocket">
      <UniqueIdentifier>{d289a875-ae3b-4a40-968d-84e2b6707f9e}</UniqueIdentifier>
    </Filter>
    <Filter Include="Websocket\json">
      <UniqueIdentifier>{b0e05a73-079e-44f4-b03c-88d9c092a757}</UniqueIdentifier>
    </Filter>
  </ItemGroup>
  <ItemGroup>
    <Text Include="ReadMe.txt" />
  </ItemGroup>
  <ItemGroup>
    <ClInclude Include="WebsocketDemo.h">
      <Filter>头文件</Filter>
    </ClInclude>
    <ClInclude Include="WebsocketDemoDlg.h">
      <Filter>头文件</Filter>
    </ClInclude>
    <ClInclude Include="stdafx.h">
      <Filter>头文件</Filter>
    </ClInclude>
    <ClInclude Include="targetver.h">
      <Filter>头文件</Filter>
    </ClInclude>
    <ClInclude Include="Resource.h">
      <Filter>头文件</Filter>
    </ClInclude>
    <ClInclude Include="..\Websocket\WebSocketBase.h">
      <Filter>Websocket</Filter>
    </ClInclude>
    <ClInclude Include="..\Websocket\Helper.h">
      <Filter>Websocket</Filter>
    </ClInclude>
    <ClInclude Include="..\Websocket\SingleTon.h">
      <Filter>Websocket</Filter>
    </ClInclude>
    <ClInclude Include="..\Websocket\WebSocketServer.h">
      <Filter>Websocket</Filter>
    </ClInclude>
    <ClInclude Include="..\Websocket\WebSocketThreadBase.h">
      <Filter>Websocket</Filter>
    </ClInclude>
    <ClInclude Include="..\Websocket\TwProtocol.h">
      <Filter>Websocket</Filter>
    </ClInclude>
    <ClInclude Include="..\Websocket\json\autolink.h">
      <Filter>Websocket\json</Filter>
    </ClInclude>
    <ClInclude Include="..\Websocket\json\config.h">
      <Filter>Websocket\json</Filter>
    </ClInclude>
    <ClInclude Include="..\Websocket\json\features.h">
      <Filter>Websocket\json</Filter>
    </ClInclude>
    <ClInclude Include="..\Websocket\json\forwards.h">
      <Filter>Websocket\json</Filter>
    </ClInclude>
    <ClInclude Include="..\Websocket\json\json.h">
      <Filter>Websocket\json</Filter>
    </ClInclude>
    <ClInclude Include="..\Websocket\json\json_base.h">
      <Filter>Websocket\json</Filter>
    </ClInclude>
    <ClInclude Include="..\Websocket\json\json_batchallocator.h">
      <Filter>Websocket\json</Filter>
    </ClInclude>
    <ClInclude Include="..\Websocket\json\json_global.h">
      <Filter>Websocket\json</Filter>
    </ClInclude>
    <ClInclude Include="..\Websocket\json\reader.h">
      <Filter>Websocket\json</Filter>
    </ClInclude>
    <ClInclude Include="..\Websocket\json\value.h">
      <Filter>Websocket\json</Filter>
    </ClInclude>
    <ClInclude Include="..\Websocket\json\writer.h">
      <Filter>Websocket\json</Filter>
    </ClInclude>
    <ClInclude Include="..\Websocket\CommandDef.h">
      <Filter>Websocket</Filter>
    </ClInclude>
  </ItemGroup>
  <ItemGroup>
    <ClCompile Include="WebsocketDemo.cpp">
      <Filter>源文件</Filter>
    </ClCompile>
    <ClCompile Include="WebsocketDemoDlg.cpp">
      <Filter>源文件</Filter>
    </ClCompile>
    <ClCompile Include="stdafx.cpp">
      <Filter>源文件</Filter>
    </ClCompile>
    <ClCompile Include="..\Websocket\Helper.cpp">
      <Filter>Websocket</Filter>
    </ClCompile>
    <ClCompile Include="..\Websocket\WebSocketBase.cpp">
      <Filter>Websocket</Filter>
    </ClCompile>
    <ClCompile Include="..\Websocket\WebSocketServer.cpp">
      <Filter>Websocket</Filter>
    </ClCompile>
    <ClCompile Include="..\Websocket\WebSocketThreadBase.cpp">
      <Filter>Websocket</Filter>
    </ClCompile>
    <ClCompile Include="..\Websocket\TwProtocol.cpp">
      <Filter>Websocket</Filter>
    </ClCompile>
    <ClCompile Include="..\Websocket\json\json_reader.cpp">
      <Filter>Websocket\json</Filter>
    </ClCompile>
    <ClCompile Include="..\Websocket\json\json_value.cpp">
      <Filter>Websocket\json</Filter>
    </ClCompile>
    <ClCompile Include="..\Websocket\json\json_writer.cpp">
      <Filter>Websocket\json</Filter>
    </ClCompile>
  </ItemGroup>
  <ItemGroup>
    <ResourceCompile Include="WebsocketDemo.rc">
      <Filter>资源文件</Filter>
    </ResourceCompile>
  </ItemGroup>
  <ItemGroup>
    <None Include="res\WebsocketDemo.rc2">
      <Filter>资源文件</Filter>
    </None>
    <None Include="..\Websocket\json\json_internalarray.inl">
      <Filter>Websocket\json</Filter>
    </None>
    <None Include="..\Websocket\json\json_internalmap.inl">
      <Filter>Websocket\json</Filter>
    </None>
    <None Include="..\Websocket\json\json_valueiterator.inl">
      <Filter>Websocket\json</Filter>
    </None>
  </ItemGroup>
  <ItemGroup>
    <Image Include="res\WebsocketDemo.ico">
      <Filter>资源文件</Filter>
    </Image>
  </ItemGroup>
</Project>